// !$*UTF8*$!
{
	archiveVersion = 1;
	classes = {
	};
	objectVersion = 50;
	objects = {

/* Begin PBXBuildFile section */
		B0932FDC26A180E700141E36 /* featureTest716App.swift in Sources */ = {isa = PBXBuildFile; fileRef = B0932FDB26A180E700141E36 /* featureTest716App.swift */; };
		B0932FDE26A180E700141E36 /* ContentView.swift in Sources */ = {isa = PBXBuildFile; fileRef = B0932FDD26A180E700141E36 /* ContentView.swift */; };
		B0932FE026A180EC00141E36 /* Assets.xcassets in Resources */ = {isa = PBXBuildFile; fileRef = B0932FDF26A180EC00141E36 /* Assets.xcassets */; };
		B0932FE326A180EC00141E36 /* Preview Assets.xcassets in Resources */ = {isa = PBXBuildFile; fileRef = B0932FE226A180EC00141E36 /* Preview Assets.xcassets */; };
		B0932FEB26A1A71A00141E36 /* PageView.swift in Sources */ = {isa = PBXBuildFile; fileRef = B0932FEA26A1A71A00141E36 /* PageView.swift */; };
		B0932FED26A1A78500141E36 /* PageIndicator.swift in Sources */ = {isa = PBXBuildFile; fileRef = B0932FEC26A1A78500141E36 /* PageIndicator.swift */; };
		B0932FEF26A1ABB100141E36 /* HomePage.swift in Sources */ = {isa = PBXBuildFile; fileRef = B0932FEE26A1ABB100141E36 /* HomePage.swift */; };
		B0932FF126A1ABFC00141E36 /* HomePage2.swift in Sources */ = {isa = PBXBuildFile; fileRef = B0932FF026A1ABFC00141E36 /* HomePage2.swift */; };
/* End PBXBuildFile section */

/* Begin PBXFileReference section */
		B0932FD826A180E700141E36 /* featureTest716.app */ = {isa = PBXFileReference; explicitFileType = wrapper.application; includeInIndex = 0; path = featureTest716.app; sourceTree = BUILT_PRODUCTS_DIR; };
		B0932FDB26A180E700141E36 /* featureTest716App.swift */ = {isa = PBXFileReference; lastKnownFileType = sourcecode.swift; path = featureTest716App.swift; sourceTree = "<group>"; };
		B0932FDD26A180E700141E36 /* ContentView.swift */ = {isa = PBXFileReference; lastKnownFileType = sourcecode.swift; path = ContentView.swift; sourceTree = "<group>"; };
		B0932FDF26A180EC00141E36 /* Assets.xcassets */ = {isa = PBXFileReference; lastKnownFileType = folder.assetcatalog; path = Assets.xcassets; sourceTree = "<group>"; };
		B0932FE226A180EC00141E36 /* Preview Assets.xcassets */ = {isa = PBXFileReference; lastKnownFileType = folder.assetcatalog; path = "Preview Assets.xcassets"; sourceTree = "<group>"; };
		B0932FE426A180EC00141E36 /* Info.plist */ = {isa = PBXFileReference; lastKnownFileType = text.plist.xml; path = Info.plist; sourceTree = "<group>"; };
		B0932FEA26A1A71A00141E36 /* PageView.swift */ = {isa = PBXFileReference; lastKnownFileType = sourcecode.swift; path = PageView.swift; sourceTree = "<group>"; };
		B0932FEC26A1A78500141E36 /* PageIndicator.swift */ = {isa = PBXFileReference; lastKnownFileType = sourcecode.swift; path = PageIndicator.swift; sourceTree = "<group>"; };
		B0932FEE26A1ABB100141E36 /* HomePage.swift */ = {isa = PBXFileReference; lastKnownFileType = sourcecode.swift; path = HomePage.swift; sourceTree = "<group>"; };
		B0932FF026A1ABFC00141E36 /* HomePage2.swift */ = {isa = PBXFileReference; lastKnownFileType = sourcecode.swift; path = HomePage2.swift; sourceTree = "<group>"; };
/* End PBXFileReference section */

/* Begin PBXFrameworksBuildPhase section */
		B0932FD526A180E700141E36 /* Frameworks */ = {
			isa = PBXFrameworksBuildPhase;
			buildActionMask = 2147483647;
			files = (
			);
			runOnlyForDeploymentPostprocessing = 0;
		};
/* End PBXFrameworksBuildPhase section */

/* Begin PBXGroup section */
		B0932FCF26A180E700141E36 = {
			isa = PBXGroup;
			children = (
				B0932FDA26A180E700141E36 /* featureTest716 */,
				B0932FD926A180E700141E36 /* Products */,
			);
			sourceTree = "<group>";
		};
		B0932FD926A180E700141E36 /* Products */ = {
			isa = PBXGroup;
			children = (
				B0932FD826A180E700141E36 /* featureTest716.app */,
			);
			name = Products;
			sourceTree = "<group>";
		};
		B0932FDA26A180E700141E36 /* featureTest716 */ = {
			isa = PBXGroup;
			children = (
				B0932FDB26A180E700141E36 /* featureTest716App.swift */,
				B0932FDD26A180E700141E36 /* ContentView.swift */,
				B0932FEE26A1ABB100141E36 /* HomePage.swift */,
				B0932FF026A1ABFC00141E36 /* HomePage2.swift */,
				B0932FEC26A1A78500141E36 /* PageIndicator.swift */,
				B0932FEA26A1A71A00141E36 /* PageView.swift */,
				B0932FDF26A180EC00141E36 /* Assets.xcassets */,
				B0932FE426A180EC00141E36 /* Info.plist */,
				B0932FE126A180EC00141E36 /* Preview Content */,
			);
			path = featureTest716;
			sourceTree = "<group>";
		};
		B0932FE126A180EC00141E36 /* Preview Content */ = {
			isa = PBXGroup;
			children = (
				B0932FE226A180EC00141E36 /* Preview Assets.xcassets */,
			);
			path = "Preview Content";
			sourceTree = "<group>";
		};
/* End PBXGroup section */

/* Begin PBXNativeTarget section */
		B0932FD726A180E700141E36 /* featureTest716 */ = {
			isa = PBXNativeTarget;
			buildConfigurationList = B0932FE726A180EC00141E36 /* Build configuration list for PBXNativeTarget "featureTest716" */;
			buildPhases = (
				B0932FD426A180E700141E36 /* Sources */,
				B0932FD526A180E700141E36 /* Frameworks */,
				B0932FD626A180E700141E36 /* Resources */,
			);
			buildRules = (
			);
			dependencies = (
			);
			name = featureTest716;
			productName = featureTest716;
			productReference = B0932FD826A180E700141E36 /* featureTest716.app */;
			productType = "com.apple.product-type.application";
		};
/* End PBXNativeTarget section */

/* Begin PBXProject section */
		B0932FD026A180E700141E36 /* Project object */ = {
			isa = PBXProject;
			attributes = {
				LastSwiftUpdateCheck = 1250;
				LastUpgradeCheck = 1250;
				TargetAttributes = {
					B0932FD726A180E700141E36 = {
						CreatedOnToolsVersion = 12.5.1;
					};
				};
			};
			buildConfigurationList = B0932FD326A180E700141E36 /* Build configuration list for PBXProject "featureTest716" */;
			compatibilityVersion = "Xcode 9.3";
			developmentRegion = en;
			hasScannedForEncodings = 0;
			knownRegions = (
				en,
				Base,
			);
			mainGroup = B0932FCF26A180E700141E36;
			productRefGroup = B0932FD926A180E700141E36 /* Products */;
			projectDirPath = "";
			projectRoot = "";
			targets = (
				B0932FD726A180E700141E36 /* featureTest716 */,
			);
		};
/* End PBXProject section */

/* Begin PBXResourcesBuildPhase section */
		B0932FD626A180E700141E36 /* Resources */ = {
			isa = PBXResourcesBuildPhase;
			buildActionMask = 2147483647;
			files = (
				B0932FE326A180EC00141E36 /* Preview Assets.xcassets in Resources */,
				B0932FE026A180EC00141E36 /* Assets.xcassets in Resources */,
			);
			runOnlyForDeploymentPostprocessing = 0;
		};
/* End PBXResourcesBuildPhase section */

/* Begin PBXSourcesBuildPhase section */
		B0932FD426A180E700141E36 /* Sources */ = {
			isa = PBXSourcesBuildPhase;
			buildActionMask = 2147483647;
			files = (
				B0932FF126A1ABFC00141E36 /* HomePage2.swift in Sources */,
				B0932FEF26A1ABB100141E36 /* HomePage.swift in Sources */,
				B0932FED26A1A78500141E36 /* PageIndicator.swift in Sources */,
				B0932FDE26A180E700141E36 /* ContentView.swift in Sources */,
				B0932FEB26A1A71A00141E36 /* PageView.swift in Sources */,
				B0932FDC26A180E700141E36 /* featureTest716App.swift in Sources */,
			);
			runOnlyForDeploymentPostprocessing = 0;
		};
/* End PBXSourcesBuildPhase section */

/* Begin XCBuildConfiguration section */
		B0932FE526A180EC00141E36 /* Debug */ = {
			isa = XCBuildConfiguration;
			buildSettings = {
				ALWAYS_SEARCH_USER_PATHS = NO;
				CLANG_ANALYZER_NONNULL = YES;
				CLANG_ANALYZER_NUMBER_OBJECT_CONVERSION = YES_AGGRESSIVE;
				CLANG_CXX_LANGUAGE_STANDARD = "gnu++14";
				CLANG_CXX_LIBRARY = "libc++";
				CLANG_ENABLE_MODULES = YES;
				CLANG_ENABLE_OBJC_ARC = YES;
				CLANG_ENABLE_OBJC_WEAK = YES;
				CLANG_WARN_BLOCK_CAPTURE_AUTORELEASING = YES;
				CLANG_WARN_BOOL_CONVERSION = YES;
				CLANG_WARN_COMMA = YES;
				CLANG_WARN_CONSTANT_CONVERSION = YES;
				CLANG_WARN_DEPRECATED_OBJC_IMPLEMENTATIONS = YES;
				CLANG_WARN_DIRECT_OBJC_ISA_USAGE = YES_ERROR;
				CLANG_WARN_DOCUMENTATION_COMMENTS = YES;
				CLANG_WARN_EMPTY_BODY = YES;
				CLANG_WARN_ENUM_CONVERSION = YES;
				CLANG_WARN_INFINITE_RECURSION = YES;
				CLANG_WARN_INT_CONVERSION = YES;
				CLANG_WARN_NON_LITERAL_NULL_CONVERSION = YES;
				CLANG_WARN_OBJC_IMPLICIT_RETAIN_SELF = YES;
				CLANG_WARN_OBJC_LITERAL_CONVERSION = YES;
				CLANG_WARN_OBJC_ROOT_CLASS = YES_ERROR;
				CLANG_WARN_QUOTED_INCLUDE_IN_FRAMEWORK_HEADER = YES;
				CLANG_WARN_RANGE_LOOP_ANALYSIS = YES;
				CLANG_WARN_STRICT_PROTOTYPES = YES;
				CLANG_WARN_SUSPICIOUS_MOVE = YES;
				CLANG_WARN_UNGUARDED_AVAILABILITY = YES_AGGRESSIVE;
				CLANG_WARN_UNREACHABLE_CODE = YES;
				CLANG_WARN__DUPLICATE_METHOD_MATCH = YES;
				COPY_PHASE_STRIP = NO;
				DEBUG_INFORMATION_FORMAT = dwarf;
				ENABLE_STRICT_OBJC_MSGSEND = YES;
				ENABLE_TESTABILITY = YES;
				GCC_C_LANGUAGE_STANDARD = gnu11;
				GCC_DYNAMIC_NO_PIC = NO;
				GCC_NO_COMMON_BLOCKS = YES;
				GCC_OPTIMIZATION_LEVEL = 0;
				GCC_PREPROCESSOR_DEFINITIONS = (
					"DEBUG=1",
					"$(inherited)",
				);
				GCC_WARN_64_TO_32_BIT_CONVERSION = YES;
				GCC_WARN_ABOUT_RETURN_TYPE = YES_ERROR;
				GCC_WARN_UNDECLARED_SELECTOR = YES;
				GCC_WARN_UNINITIALIZED_AUTOS = YES_AGGRESSIVE;
				GCC_WARN_UNUSED_FUNCTION = YES;
				GCC_WARN_UNUSED_VARIABLE = YES;
				IPHONEOS_DEPLOYMENT_TARGET = 14.5;
				MTL_ENABLE_DEBUG_INFO = INCLUDE_SOURCE;
				MTL_FAST_MATH = YES;
				ONLY_ACTIVE_ARCH = YES;
				SDKROOT = iphoneos;
				SWIFT_ACTIVE_COMPILATION_CONDITIONS = DEBUG;
				SWIFT_OPTIMIZATION_LEVEL = "-Onone";
			};
			name = Debug;
		};
		B0932FE626A180EC00141E36 /* Release */ = {
			isa = XCBuildConfiguration;
			buildSettings = {
				ALWAYS_SEARCH_USER_PATHS = NO;
				CLANG_ANALYZER_NONNULL = YES;
				CLANG_ANALYZER_NUMBER_OBJECT_CONVERSION = YES_AGGRESSIVE;
				CLANG_CXX_LANGUAGE_STANDARD = "gnu++14";
				CLANG_CXX_LIBRARY = "libc++";
				CLANG_ENABLE_MODULES = YES;
				CLANG_ENABLE_OBJC_ARC = YES;
				CLANG_ENABLE_OBJC_WEAK = YES;
				CLANG_WARN_BLOCK_CAPTURE_AUTORELEASING = YES;
				CLANG_WARN_BOOL_CONVERSION = YES;
				CLANG_WARN_COMMA = YES;
				CLANG_WARN_CONSTANT_CONVERSION = YES;
				CLANG_WARN_DEPRECATED_OBJC_IMPLEMENTATIONS = YES;
				CLANG_WARN_DIRECT_OBJC_ISA_USAGE = YES_ERROR;
				CLANG_WARN_DOCUMENTATION_COMMENTS = YES;
				CLANG_WARN_EMPTY_BODY = YES;
				CLANG_WARN_ENUM_CONVERSION = YES;
				CLANG_WARN_INFINITE_RECURSION = YES;
				CLANG_WARN_INT_CONVERSION = YES;
				CLANG_WARN_NON_LITERAL_NULL_CONVERSION = YES;
				CLANG_WARN_OBJC_IMPLICIT_RETAIN_SELF = YES;
				CLANG_WARN_OBJC_LITERAL_CONVERSION = YES;
				CLANG_WARN_OBJC_ROOT_CLASS = YES_ERROR;
				CLANG_WARN_QUOTED_INCLUDE_IN_FRAMEWORK_HEADER = YES;
				CLANG_WARN_RANGE_LOOP_ANALYSIS = YES;
				CLANG_WARN_STRICT_PROTOTYPES = YES;
				CLANG_WARN_SUSPICIOUS_MOVE = YES;
				CLANG_WARN_UNGUARDED_AVAILABILITY = YES_AGGRESSIVE;
				CLANG_WARN_UNREACHABLE_CODE = YES;
				CLANG_WARN__DUPLICATE_METHOD_MATCH = YES;
				COPY_PHASE_STRIP = NO;
				DEBUG_INFORMATION_FORMAT = "dwarf-with-dsym";
				ENABLE_NS_ASSERTIONS = NO;
				ENABLE_STRICT_OBJC_MSGSEND = YES;
				GCC_C_LANGUAGE_STANDARD = gnu11;
				GCC_NO_COMMON_BLOCKS = YES;
				GCC_WARN_64_TO_32_BIT_CONVERSION = YES;
				GCC_WARN_ABOUT_RETURN_TYPE = YES_ERROR;
				GCC_WARN_UNDECLARED_SELECTOR = YES;
				GCC_WARN_UNINITIALIZED_AUTOS = YES_AGGRESSIVE;
				GCC_WARN_UNUSED_FUNCTION = YES;
				GCC_WARN_UNUSED_VARIABLE = YES;
				IPHONEOS_DEPLOYMENT_TARGET = 14.5;
				MTL_ENABLE_DEBUG_INFO = NO;
				MTL_FAST_MATH = YES;
				SDKROOT = iphoneos;
				SWIFT_COMPILATION_MODE = wholemodule;
				SWIFT_OPTIMIZATION_LEVEL = "-O";
				VALIDATE_PRODUCT = YES;
			};
			name = Release;
		};
		B0932FE826A180EC00141E36 /* Debug */ = {
			isa = XCBuildConfiguration;
			buildSettings = {
				ASSETCATALOG_COMPILER_APPICON_NAME = AppIcon;
				ASSETCATALOG_COMPILER_GLOBAL_ACCENT_COLOR_NAME = AccentColor;
				CODE_SIGN_STYLE = Automatic;
				DEVELOPMENT_ASSET_PATHS = "\"featureTest716/Preview Content\"";
				DEVELOPMENT_TEAM = YYX3BCL65D;
				ENABLE_PREVIEWS = YES;
				INFOPLIST_FILE = featureTest716/Info.plist;
				IPHONEOS_DEPLOYMENT_TARGET = 14.0;
				LD_RUNPATH_SEARCH_PATHS = (
					"$(inherited)",
					"@executable_path/Frameworks",
				);
				PRODUCT_BUNDLE_IDENTIFIER = com.wgz.featureTest716;
				PRODUCT_NAME = "$(TARGET_NAME)";
				SWIFT_VERSION = 5.0;
				TARGETED_DEVICE_FAMILY = "1,2";
			};
			name = Debug;
		};
		B0932FE926A180EC00141E36 /* Release */ = {
			isa = XCBuildConfiguration;
			buildSettings = {
				ASSETCATALOG_COMPILER_APPICON_NAME = AppIcon;
				ASSETCATALOG_COMPILER_GLOBAL_ACCENT_COLOR_NAME = AccentColor;
				CODE_SIGN_STYLE = Automatic;
				DEVELOPMENT_ASSET_PATHS = "\"featureTest716/Preview Content\"";
				DEVELOPMENT_TEAM = YYX3BCL65D;
				ENABLE_PREVIEWS = YES;
				INFOPLIST_FILE = featureTest716/Info.plist;
				IPHONEOS_DEPLOYMENT_TARGET = 14.0;
				LD_RUNPATH_SEARCH_PATHS = (
					"$(inherited)",
					"@executable_path/Frameworks",
				);
				PRODUCT_BUNDLE_IDENTIFIER = com.wgz.featureTest716;
				PRODUCT_NAME = "$(TARGET_NAME)";
				SWIFT_VERSION = 5.0;
				TARGETED_DEVICE_FAMILY = "1,2";
			};
			name = Release;
		};
/* End XCBuildConfiguration section */

/* Begin XCConfigurationList section */
		B0932FD326A180E700141E36 /* Build configuration list for PBXProject "featureTest716" */ = {
			isa = XCConfigurationList;
			buildConfigurations = (
				B0932FE526A180EC00141E36 /* Debug */,
				B0932FE626A180EC00141E36 /* Release */,
			);
			defaultConfigurationIsVisible = 0;
			defaultConfigurationName = Release;
		};
		B0932FE726A180EC00141E36 /* Build configuration list for PBXNativeTarget "featureTest716" */ = {
			isa = XCConfigurationList;
			buildConfigurations = (
				B0932FE826A180EC00141E36 /* Debug */,
				B0932FE926A180EC00141E36 /* Release */,
			);
			defaultConfigurationIsVisible = 0;
			defaultConfigurationName = Release;
		};
/* End XCConfigurationList section */
	};
	rootObject = B0932FD026A180E700141E36 /* Project object */;
}
